
Microsoft Visual Studio Solution File, Format Version 12.00
# Visual Studio Version 17
VisualStudioVersion = 17.14.36414.22 d17.14
MinimumVisualStudioVersion = 10.0.40219.1
Project("{FAE04EC0-301F-11D3-BF4B-00C04F79EFBC}") = "AgendaDigital", "AgendaDigital\AgendaDigital.csproj", "{05E40448-F052-4292-A1FD-0C65395170BE}"
EndProject
Global
	GlobalSection(SolutionConfigurationPlatforms) = preSolution
		Debug|Any CPU = Debug|Any CPU
		Release|Any CPU = Release|Any CPU
	EndGlobalSection
	GlobalSection(ProjectConfigurationPlatforms) = postSolution
		{05E40448-F052-4292-A1FD-0C65395170BE}.Debug|Any CPU.ActiveCfg = Debug|Any CPU
		{05E40448-F052-4292-A1FD-0C65395170BE}.Debug|Any CPU.Build.0 = Debug|Any CPU
		{05E40448-F052-4292-A1FD-0C65395170BE}.Release|Any CPU.ActiveCfg = Release|Any CPU
		{05E40448-F052-4292-A1FD-0C65395170BE}.Release|Any CPU.Build.0 = Release|Any CPU
	EndGlobalSection
	GlobalSection(SolutionProperties) = preSolution
		HideSolutionNode = FALSE
	EndGlobalSection
	GlobalSection(ExtensibilityGlobals) = postSolution
		SolutionGuid = {F92791FE-9CEF-4AA8-BF7D-314BAB981F32}
	EndGlobalSection
EndGlobal
